
Microsoft Visual Studio Solution File, Format Version 12.00
# Visual Studio Version 17
VisualStudioVersion = 17.3.32825.248
MinimumVisualStudioVersion = 10.0.40219.1
Project("{FAE04EC0-301F-11D3-BF4B-00C04F79EFBC}") = "SquareSort", "SquareSort.csproj", "{D6D22FD7-E8E1-47D4-9D99-C5CAB7D59332}"
EndProject
Global
	GlobalSection(SolutionConfigurationPlatforms) = preSolution
		Debug|Any CPU = Debug|Any CPU
		Release|Any CPU = Release|Any CPU
	EndGlobalSection
	GlobalSection(ProjectConfigurationPlatforms) = postSolution
		{D6D22FD7-E8E1-47D4-9D99-C5CAB7D59332}.Debug|Any CPU.ActiveCfg = Debug|Any CPU
		{D6D22FD7-E8E1-47D4-9D99-C5CAB7D59332}.Debug|Any CPU.Build.0 = Debug|Any CPU
		{D6D22FD7-E8E1-47D4-9D99-C5CAB7D59332}.Release|Any CPU.ActiveCfg = Release|Any CPU
		{D6D22FD7-E8E1-47D4-9D99-C5CAB7D59332}.Release|Any CPU.Build.0 = Release|Any CPU
	EndGlobalSection
	GlobalSection(SolutionProperties) = preSolution
		HideSolutionNode = FALSE
	EndGlobalSection
	GlobalSection(ExtensibilityGlobals) = postSolution
		SolutionGuid = {8838C693-BA13-453D-B8E1-7400D047BC76}
	EndGlobalSection
EndGlobal
